// !$*UTF8*$!
{
	archiveVersion = 1;
	classes = {
	};
	objectVersion = 56;
	objects = {

/* Begin PBXBuildFile section */
		1725590B2AECF20300CBA7BE /* testImage.png in Resources */ = {isa = PBXBuildFile; fileRef = 1725590A2AECF20300CBA7BE /* testImage.png */; };
		178122402AEC3B8E00428C14 /* Networking.docc in Sources */ = {isa = PBXBuildFile; fileRef = 1781223F2AEC3B8E00428C14 /* Networking.docc */; };
		178122462AEC3B8E00428C14 /* Networking.framework in Frameworks */ = {isa = PBXBuildFile; fileRef = 1781223B2AEC3B8E00428C14 /* Networking.framework */; };
		178122572AEC3BEF00428C14 /* NetworkManager.swift in Sources */ = {isa = PBXBuildFile; fileRef = 178122562AEC3BEF00428C14 /* NetworkManager.swift */; };
		178122592AEC3F9A00428C14 /* ImageCacheManager.swift in Sources */ = {isa = PBXBuildFile; fileRef = 178122582AEC3F9A00428C14 /* ImageCacheManager.swift */; };
		17BF33342AEE4583002383B6 /* Networking.h in Headers */ = {isa = PBXBuildFile; fileRef = 17BF33332AEE4583002383B6 /* Networking.h */; };
		17BF33382AEE45D9002383B6 /* ImageCacheManagerTests.swift in Sources */ = {isa = PBXBuildFile; fileRef = 17BF33372AEE45D9002383B6 /* ImageCacheManagerTests.swift */; };
		17BF333C2AEE4604002383B6 /* NetworkManagerTests.swift in Sources */ = {isa = PBXBuildFile; fileRef = 17BF333B2AEE4604002383B6 /* NetworkManagerTests.swift */; };
		41B4712BC6843A5E1291B4F7 /* libPods-Networking.a in Frameworks */ = {isa = PBXBuildFile; fileRef = 9C9BED701DFC20301C663B57 /* libPods-Networking.a */; };
		6D70274A7E2344D1F2703053 /* libPods-NetworkingTests.a in Frameworks */ = {isa = PBXBuildFile; fileRef = E25F660E0B196B25DF87F601 /* libPods-NetworkingTests.a */; };
/* End PBXBuildFile section */

/* Begin PBXContainerItemProxy section */
		178122472AEC3B8E00428C14 /* PBXContainerItemProxy */ = {
			isa = PBXContainerItemProxy;
			containerPortal = 178122322AEC3B8E00428C14 /* Project object */;
			proxyType = 1;
			remoteGlobalIDString = 1781223A2AEC3B8E00428C14;
			remoteInfo = Networking;
		};
/* End PBXContainerItemProxy section */

/* Begin PBXFileReference section */
		13FFD9C08DA27DCD6ADC6933 /* Pods-Networking.release.xcconfig */ = {isa = PBXFileReference; includeInIndex = 1; lastKnownFileType = text.xcconfig; name = "Pods-Networking.release.xcconfig"; path = "Target Support Files/Pods-Networking/Pods-Networking.release.xcconfig"; sourceTree = "<group>"; };
		1725590A2AECF20300CBA7BE /* testImage.png */ = {isa = PBXFileReference; lastKnownFileType = image.png; path = testImage.png; sourceTree = "<group>"; };
		1781223B2AEC3B8E00428C14 /* Networking.framework */ = {isa = PBXFileReference; explicitFileType = wrapper.framework; includeInIndex = 0; path = Networking.framework; sourceTree = BUILT_PRODUCTS_DIR; };
		1781223F2AEC3B8E00428C14 /* Networking.docc */ = {isa = PBXFileReference; lastKnownFileType = folder.documentationcatalog; path = Networking.docc; sourceTree = "<group>"; };
		178122452AEC3B8E00428C14 /* NetworkingTests.xctest */ = {isa = PBXFileReference; explicitFileType = wrapper.cfbundle; includeInIndex = 0; path = NetworkingTests.xctest; sourceTree = BUILT_PRODUCTS_DIR; };
		178122562AEC3BEF00428C14 /* NetworkManager.swift */ = {isa = PBXFileReference; lastKnownFileType = sourcecode.swift; path = NetworkManager.swift; sourceTree = "<group>"; };
		178122582AEC3F9A00428C14 /* ImageCacheManager.swift */ = {isa = PBXFileReference; lastKnownFileType = sourcecode.swift; path = ImageCacheManager.swift; sourceTree = "<group>"; };
		17BF33332AEE4583002383B6 /* Networking.h */ = {isa = PBXFileReference; fileEncoding = 4; lastKnownFileType = sourcecode.c.h; path = Networking.h; sourceTree = "<group>"; };
		17BF33372AEE45D9002383B6 /* ImageCacheManagerTests.swift */ = {isa = PBXFileReference; fileEncoding = 4; lastKnownFileType = sourcecode.swift; path = ImageCacheManagerTests.swift; sourceTree = "<group>"; };
		17BF333B2AEE4604002383B6 /* NetworkManagerTests.swift */ = {isa = PBXFileReference; fileEncoding = 4; lastKnownFileType = sourcecode.swift; path = NetworkManagerTests.swift; sourceTree = "<group>"; };
		48F76ABD498EF4C75A790710 /* Pods-NetworkingTests.release.xcconfig */ = {isa = PBXFileReference; includeInIndex = 1; lastKnownFileType = text.xcconfig; name = "Pods-NetworkingTests.release.xcconfig"; path = "Target Support Files/Pods-NetworkingTests/Pods-NetworkingTests.release.xcconfig"; sourceTree = "<group>"; };
		9C9BED701DFC20301C663B57 /* libPods-Networking.a */ = {isa = PBXFileReference; explicitFileType = archive.ar; includeInIndex = 0; path = "libPods-Networking.a"; sourceTree = BUILT_PRODUCTS_DIR; };
		AE70F72523117CBED3F594B3 /* Pods-NetworkingTests.debug.xcconfig */ = {isa = PBXFileReference; includeInIndex = 1; lastKnownFileType = text.xcconfig; name = "Pods-NetworkingTests.debug.xcconfig"; path = "Target Support Files/Pods-NetworkingTests/Pods-NetworkingTests.debug.xcconfig"; sourceTree = "<group>"; };
		C71FB3942EB6A3797E03E60E /* Pods-Networking.debug.xcconfig */ = {isa = PBXFileReference; includeInIndex = 1; lastKnownFileType = text.xcconfig; name = "Pods-Networking.debug.xcconfig"; path = "Target Support Files/Pods-Networking/Pods-Networking.debug.xcconfig"; sourceTree = "<group>"; };
		E25F660E0B196B25DF87F601 /* libPods-NetworkingTests.a */ = {isa = PBXFileReference; explicitFileType = archive.ar; includeInIndex = 0; path = "libPods-NetworkingTests.a"; sourceTree = BUILT_PRODUCTS_DIR; };
/* End PBXFileReference section */

/* Begin PBXFrameworksBuildPhase section */
		178122382AEC3B8E00428C14 /* Frameworks */ = {
			isa = PBXFrameworksBuildPhase;
			buildActionMask = 2147483647;
			files = (
				41B4712BC6843A5E1291B4F7 /* libPods-Networking.a in Frameworks */,
			);
			runOnlyForDeploymentPostprocessing = 0;
		};
		178122422AEC3B8E00428C14 /* Frameworks */ = {
			isa = PBXFrameworksBuildPhase;
			buildActionMask = 2147483647;
			files = (
				178122462AEC3B8E00428C14 /* Networking.framework in Frameworks */,
				6D70274A7E2344D1F2703053 /* libPods-NetworkingTests.a in Frameworks */,
			);
			runOnlyForDeploymentPostprocessing = 0;
		};
/* End PBXFrameworksBuildPhase section */

/* Begin PBXGroup section */
		1725590F2AED068C00CBA7BE /* Resources */ = {
			isa = PBXGroup;
			children = (
				1725590A2AECF20300CBA7BE /* testImage.png */,
			);
			path = Resources;
			sourceTree = "<group>";
		};
		178122312AEC3B8E00428C14 = {
			isa = PBXGroup;
			children = (
				1781223D2AEC3B8E00428C14 /* Networking */,
				178122492AEC3B8E00428C14 /* NetworkingTests */,
				1781223C2AEC3B8E00428C14 /* Products */,
				F12EA1929C9DC6244E8017FB /* Pods */,
				778C16E1FE999951F7DC963B /* Frameworks */,
			);
			sourceTree = "<group>";
		};
		1781223C2AEC3B8E00428C14 /* Products */ = {
			isa = PBXGroup;
			children = (
				1781223B2AEC3B8E00428C14 /* Networking.framework */,
				178122452AEC3B8E00428C14 /* NetworkingTests.xctest */,
			);
			name = Products;
			sourceTree = "<group>";
		};
		1781223D2AEC3B8E00428C14 /* Networking */ = {
			isa = PBXGroup;
			children = (
				178122552AEC3BDC00428C14 /* Managers */,
				17BF33332AEE4583002383B6 /* Networking.h */,
				1781223F2AEC3B8E00428C14 /* Networking.docc */,
			);
			path = Networking;
			sourceTree = "<group>";
		};
		178122492AEC3B8E00428C14 /* NetworkingTests */ = {
			isa = PBXGroup;
			children = (
				17BF33372AEE45D9002383B6 /* ImageCacheManagerTests.swift */,
				17BF333B2AEE4604002383B6 /* NetworkManagerTests.swift */,
				1725590F2AED068C00CBA7BE /* Resources */,
			);
			path = NetworkingTests;
			sourceTree = "<group>";
		};
		178122552AEC3BDC00428C14 /* Managers */ = {
			isa = PBXGroup;
			children = (
				178122582AEC3F9A00428C14 /* ImageCacheManager.swift */,
				178122562AEC3BEF00428C14 /* NetworkManager.swift */,
			);
			path = Managers;
			sourceTree = "<group>";
		};
		778C16E1FE999951F7DC963B /* Frameworks */ = {
			isa = PBXGroup;
			children = (
				9C9BED701DFC20301C663B57 /* libPods-Networking.a */,
				E25F660E0B196B25DF87F601 /* libPods-NetworkingTests.a */,
			);
			name = Frameworks;
			sourceTree = "<group>";
		};
		F12EA1929C9DC6244E8017FB /* Pods */ = {
			isa = PBXGroup;
			children = (
				C71FB3942EB6A3797E03E60E /* Pods-Networking.debug.xcconfig */,
				13FFD9C08DA27DCD6ADC6933 /* Pods-Networking.release.xcconfig */,
				AE70F72523117CBED3F594B3 /* Pods-NetworkingTests.debug.xcconfig */,
				48F76ABD498EF4C75A790710 /* Pods-NetworkingTests.release.xcconfig */,
			);
			name = Pods;
			path = ../Pods;
			sourceTree = "<group>";
		};
/* End PBXGroup section */

/* Begin PBXHeadersBuildPhase section */
		178122362AEC3B8E00428C14 /* Headers */ = {
			isa = PBXHeadersBuildPhase;
			buildActionMask = 2147483647;
			files = (
				17BF33342AEE4583002383B6 /* Networking.h in Headers */,
			);
			runOnlyForDeploymentPostprocessing = 0;
		};
/* End PBXHeadersBuildPhase section */

/* Begin PBXNativeTarget section */
		1781223A2AEC3B8E00428C14 /* Networking */ = {
			isa = PBXNativeTarget;
			buildConfigurationList = 1781224F2AEC3B8E00428C14 /* Build configuration list for PBXNativeTarget "Networking" */;
			buildPhases = (
				03495A3BD6E5E20B37EFAA96 /* [CP] Check Pods Manifest.lock */,
				178122362AEC3B8E00428C14 /* Headers */,
				178122372AEC3B8E00428C14 /* Sources */,
				178122382AEC3B8E00428C14 /* Frameworks */,
				178122392AEC3B8E00428C14 /* Resources */,
			);
			buildRules = (
			);
			dependencies = (
			);
			name = Networking;
			productName = Networking;
			productReference = 1781223B2AEC3B8E00428C14 /* Networking.framework */;
			productType = "com.apple.product-type.framework";
		};
		178122442AEC3B8E00428C14 /* NetworkingTests */ = {
			isa = PBXNativeTarget;
			buildConfigurationList = 178122522AEC3B8E00428C14 /* Build configuration list for PBXNativeTarget "NetworkingTests" */;
			buildPhases = (
				BA54E4A9910E71163A565099 /* [CP] Check Pods Manifest.lock */,
				178122412AEC3B8E00428C14 /* Sources */,
				178122422AEC3B8E00428C14 /* Frameworks */,
				178122432AEC3B8E00428C14 /* Resources */,
			);
			buildRules = (
			);
			dependencies = (
				178122482AEC3B8E00428C14 /* PBXTargetDependency */,
			);
			name = NetworkingTests;
			productName = NetworkingTests;
			productReference = 178122452AEC3B8E00428C14 /* NetworkingTests.xctest */;
			productType = "com.apple.product-type.bundle.unit-test";
		};
/* End PBXNativeTarget section */

/* Begin PBXProject section */
		178122322AEC3B8E00428C14 /* Project object */ = {
			isa = PBXProject;
			attributes = {
				BuildIndependentTargetsInParallel = 1;
				LastSwiftUpdateCheck = 1430;
				LastUpgradeCheck = 1430;
				TargetAttributes = {
					1781223A2AEC3B8E00428C14 = {
						CreatedOnToolsVersion = 14.3.1;
					};
					178122442AEC3B8E00428C14 = {
						CreatedOnToolsVersion = 14.3.1;
					};
				};
			};
			buildConfigurationList = 178122352AEC3B8E00428C14 /* Build configuration list for PBXProject "Networking" */;
			compatibilityVersion = "Xcode 14.0";
			developmentRegion = en;
			hasScannedForEncodings = 0;
			knownRegions = (
				en,
				Base,
			);
			mainGroup = 178122312AEC3B8E00428C14;
			productRefGroup = 1781223C2AEC3B8E00428C14 /* Products */;
			projectDirPath = "";
			projectRoot = "";
			targets = (
				1781223A2AEC3B8E00428C14 /* Networking */,
				178122442AEC3B8E00428C14 /* NetworkingTests */,
			);
		};
/* End PBXProject section */

/* Begin PBXResourcesBuildPhase section */
		178122392AEC3B8E00428C14 /* Resources */ = {
			isa = PBXResourcesBuildPhase;
			buildActionMask = 2147483647;
			files = (
			);
			runOnlyForDeploymentPostprocessing = 0;
		};
		178122432AEC3B8E00428C14 /* Resources */ = {
			isa = PBXResourcesBuildPhase;
			buildActionMask = 2147483647;
			files = (
				1725590B2AECF20300CBA7BE /* testImage.png in Resources */,
			);
			runOnlyForDeploymentPostprocessing = 0;
		};
/* End PBXResourcesBuildPhase section */

/* Begin PBXShellScriptBuildPhase section */
		03495A3BD6E5E20B37EFAA96 /* [CP] Check Pods Manifest.lock */ = {
			isa = PBXShellScriptBuildPhase;
			buildActionMask = 2147483647;
			files = (
			);
			inputFileListPaths = (
			);
			inputPaths = (
				"${PODS_PODFILE_DIR_PATH}/Podfile.lock",
				"${PODS_ROOT}/Manifest.lock",
			);
			name = "[CP] Check Pods Manifest.lock";
			outputFileListPaths = (
			);
			outputPaths = (
				"$(DERIVED_FILE_DIR)/Pods-Networking-checkManifestLockResult.txt",
			);
			runOnlyForDeploymentPostprocessing = 0;
			shellPath = /bin/sh;
			shellScript = "diff \"${PODS_PODFILE_DIR_PATH}/Podfile.lock\" \"${PODS_ROOT}/Manifest.lock\" > /dev/null\nif [ $? != 0 ] ; then\n    # print error to STDERR\n    echo \"error: The sandbox is not in sync with the Podfile.lock. Run 'pod install' or update your CocoaPods installation.\" >&2\n    exit 1\nfi\n# This output is used by Xcode 'outputs' to avoid re-running this script phase.\necho \"SUCCESS\" > \"${SCRIPT_OUTPUT_FILE_0}\"\n";
			showEnvVarsInLog = 0;
		};
		BA54E4A9910E71163A565099 /* [CP] Check Pods Manifest.lock */ = {
			isa = PBXShellScriptBuildPhase;
			buildActionMask = 2147483647;
			files = (
			);
			inputFileListPaths = (
			);
			inputPaths = (
				"${PODS_PODFILE_DIR_PATH}/Podfile.lock",
				"${PODS_ROOT}/Manifest.lock",
			);
			name = "[CP] Check Pods Manifest.lock";
			outputFileListPaths = (
			);
			outputPaths = (
				"$(DERIVED_FILE_DIR)/Pods-NetworkingTests-checkManifestLockResult.txt",
			);
			runOnlyForDeploymentPostprocessing = 0;
			shellPath = /bin/sh;
			shellScript = "diff \"${PODS_PODFILE_DIR_PATH}/Podfile.lock\" \"${PODS_ROOT}/Manifest.lock\" > /dev/null\nif [ $? != 0 ] ; then\n    # print error to STDERR\n    echo \"error: The sandbox is not in sync with the Podfile.lock. Run 'pod install' or update your CocoaPods installation.\" >&2\n    exit 1\nfi\n# This output is used by Xcode 'outputs' to avoid re-running this script phase.\necho \"SUCCESS\" > \"${SCRIPT_OUTPUT_FILE_0}\"\n";
			showEnvVarsInLog = 0;
		};
/* End PBXShellScriptBuildPhase section */

/* Begin PBXSourcesBuildPhase section */
		178122372AEC3B8E00428C14 /* Sources */ = {
			isa = PBXSourcesBuildPhase;
			buildActionMask = 2147483647;
			files = (
				178122572AEC3BEF00428C14 /* NetworkManager.swift in Sources */,
				178122402AEC3B8E00428C14 /* Networking.docc in Sources */,
				178122592AEC3F9A00428C14 /* ImageCacheManager.swift in Sources */,
			);
			runOnlyForDeploymentPostprocessing = 0;
		};
		178122412AEC3B8E00428C14 /* Sources */ = {
			isa = PBXSourcesBuildPhase;
			buildActionMask = 2147483647;
			files = (
				17BF333C2AEE4604002383B6 /* NetworkManagerTests.swift in Sources */,
				17BF33382AEE45D9002383B6 /* ImageCacheManagerTests.swift in Sources */,
			);
			runOnlyForDeploymentPostprocessing = 0;
		};
/* End PBXSourcesBuildPhase section */

/* Begin PBXTargetDependency section */
		178122482AEC3B8E00428C14 /* PBXTargetDependency */ = {
			isa = PBXTargetDependency;
			target = 1781223A2AEC3B8E00428C14 /* Networking */;
			targetProxy = 178122472AEC3B8E00428C14 /* PBXContainerItemProxy */;
		};
/* End PBXTargetDependency section */

/* Begin XCBuildConfiguration section */
		1781224D2AEC3B8E00428C14 /* Debug */ = {
			isa = XCBuildConfiguration;
			buildSettings = {
				ALWAYS_SEARCH_USER_PATHS = NO;
				CLANG_ANALYZER_NONNULL = YES;
				CLANG_ANALYZER_NUMBER_OBJECT_CONVERSION = YES_AGGRESSIVE;
				CLANG_CXX_LANGUAGE_STANDARD = "gnu++20";
				CLANG_ENABLE_MODULES = YES;
				CLANG_ENABLE_OBJC_ARC = YES;
				CLANG_ENABLE_OBJC_WEAK = YES;
				CLANG_WARN_BLOCK_CAPTURE_AUTORELEASING = YES;
				CLANG_WARN_BOOL_CONVERSION = YES;
				CLANG_WARN_COMMA = YES;
				CLANG_WARN_CONSTANT_CONVERSION = YES;
				CLANG_WARN_DEPRECATED_OBJC_IMPLEMENTATIONS = YES;
				CLANG_WARN_DIRECT_OBJC_ISA_USAGE = YES_ERROR;
				CLANG_WARN_DOCUMENTATION_COMMENTS = YES;
				CLANG_WARN_EMPTY_BODY = YES;
				CLANG_WARN_ENUM_CONVERSION = YES;
				CLANG_WARN_INFINITE_RECURSION = YES;
				CLANG_WARN_INT_CONVERSION = YES;
				CLANG_WARN_NON_LITERAL_NULL_CONVERSION = YES;
				CLANG_WARN_OBJC_IMPLICIT_RETAIN_SELF = YES;
				CLANG_WARN_OBJC_LITERAL_CONVERSION = YES;
				CLANG_WARN_OBJC_ROOT_CLASS = YES_ERROR;
				CLANG_WARN_QUOTED_INCLUDE_IN_FRAMEWORK_HEADER = YES;
				CLANG_WARN_RANGE_LOOP_ANALYSIS = YES;
				CLANG_WARN_STRICT_PROTOTYPES = YES;
				CLANG_WARN_SUSPICIOUS_MOVE = YES;
				CLANG_WARN_UNGUARDED_AVAILABILITY = YES_AGGRESSIVE;
				CLANG_WARN_UNREACHABLE_CODE = YES;
				CLANG_WARN__DUPLICATE_METHOD_MATCH = YES;
				COPY_PHASE_STRIP = NO;
				CURRENT_PROJECT_VERSION = 1;
				DEBUG_INFORMATION_FORMAT = dwarf;
				ENABLE_STRICT_OBJC_MSGSEND = YES;
				ENABLE_TESTABILITY = YES;
				GCC_C_LANGUAGE_STANDARD = gnu11;
				GCC_DYNAMIC_NO_PIC = NO;
				GCC_NO_COMMON_BLOCKS = YES;
				GCC_OPTIMIZATION_LEVEL = 0;
				GCC_PREPROCESSOR_DEFINITIONS = (
					"DEBUG=1",
					"$(inherited)",
				);
				GCC_WARN_64_TO_32_BIT_CONVERSION = YES;
				GCC_WARN_ABOUT_RETURN_TYPE = YES_ERROR;
				GCC_WARN_UNDECLARED_SELECTOR = YES;
				GCC_WARN_UNINITIALIZED_AUTOS = YES_AGGRESSIVE;
				GCC_WARN_UNUSED_FUNCTION = YES;
				GCC_WARN_UNUSED_VARIABLE = YES;
				IPHONEOS_DEPLOYMENT_TARGET = 16.4;
				MTL_ENABLE_DEBUG_INFO = INCLUDE_SOURCE;
				MTL_FAST_MATH = YES;
				ONLY_ACTIVE_ARCH = YES;
				SDKROOT = iphoneos;
				SWIFT_ACTIVE_COMPILATION_CONDITIONS = DEBUG;
				SWIFT_OPTIMIZATION_LEVEL = "-Onone";
				VERSIONING_SYSTEM = "apple-generic";
				VERSION_INFO_PREFIX = "";
			};
			name = Debug;
		};
		1781224E2AEC3B8E00428C14 /* Release */ = {
			isa = XCBuildConfiguration;
			buildSettings = {
				ALWAYS_SEARCH_USER_PATHS = NO;
				CLANG_ANALYZER_NONNULL = YES;
				CLANG_ANALYZER_NUMBER_OBJECT_CONVERSION = YES_AGGRESSIVE;
				CLANG_CXX_LANGUAGE_STANDARD = "gnu++20";
				CLANG_ENABLE_MODULES = YES;
				CLANG_ENABLE_OBJC_ARC = YES;
				CLANG_ENABLE_OBJC_WEAK = YES;
				CLANG_WARN_BLOCK_CAPTURE_AUTORELEASING = YES;
				CLANG_WARN_BOOL_CONVERSION = YES;
				CLANG_WARN_COMMA = YES;
				CLANG_WARN_CONSTANT_CONVERSION = YES;
				CLANG_WARN_DEPRECATED_OBJC_IMPLEMENTATIONS = YES;
				CLANG_WARN_DIRECT_OBJC_ISA_USAGE = YES_ERROR;
				CLANG_WARN_DOCUMENTATION_COMMENTS = YES;
				CLANG_WARN_EMPTY_BODY = YES;
				CLANG_WARN_ENUM_CONVERSION = YES;
				CLANG_WARN_INFINITE_RECURSION = YES;
				CLANG_WARN_INT_CONVERSION = YES;
				CLANG_WARN_NON_LITERAL_NULL_CONVERSION = YES;
				CLANG_WARN_OBJC_IMPLICIT_RETAIN_SELF = YES;
				CLANG_WARN_OBJC_LITERAL_CONVERSION = YES;
				CLANG_WARN_OBJC_ROOT_CLASS = YES_ERROR;
				CLANG_WARN_QUOTED_INCLUDE_IN_FRAMEWORK_HEADER = YES;
				CLANG_WARN_RANGE_LOOP_ANALYSIS = YES;
				CLANG_WARN_STRICT_PROTOTYPES = YES;
				CLANG_WARN_SUSPICIOUS_MOVE = YES;
				CLANG_WARN_UNGUARDED_AVAILABILITY = YES_AGGRESSIVE;
				CLANG_WARN_UNREACHABLE_CODE = YES;
				CLANG_WARN__DUPLICATE_METHOD_MATCH = YES;
				COPY_PHASE_STRIP = NO;
				CURRENT_PROJECT_VERSION = 1;
				DEBUG_INFORMATION_FORMAT = "dwarf-with-dsym";
				ENABLE_NS_ASSERTIONS = NO;
				ENABLE_STRICT_OBJC_MSGSEND = YES;
				GCC_C_LANGUAGE_STANDARD = gnu11;
				GCC_NO_COMMON_BLOCKS = YES;
				GCC_WARN_64_TO_32_BIT_CONVERSION = YES;
				GCC_WARN_ABOUT_RETURN_TYPE = YES_ERROR;
				GCC_WARN_UNDECLARED_SELECTOR = YES;
				GCC_WARN_UNINITIALIZED_AUTOS = YES_AGGRESSIVE;
				GCC_WARN_UNUSED_FUNCTION = YES;
				GCC_WARN_UNUSED_VARIABLE = YES;
				IPHONEOS_DEPLOYMENT_TARGET = 16.4;
				MTL_ENABLE_DEBUG_INFO = NO;
				MTL_FAST_MATH = YES;
				SDKROOT = iphoneos;
				SWIFT_COMPILATION_MODE = wholemodule;
				SWIFT_OPTIMIZATION_LEVEL = "-O";
				VALIDATE_PRODUCT = YES;
				VERSIONING_SYSTEM = "apple-generic";
				VERSION_INFO_PREFIX = "";
			};
			name = Release;
		};
		178122502AEC3B8E00428C14 /* Debug */ = {
			isa = XCBuildConfiguration;
			baseConfigurationReference = C71FB3942EB6A3797E03E60E /* Pods-Networking.debug.xcconfig */;
			buildSettings = {
				CODE_SIGN_STYLE = Automatic;
				CURRENT_PROJECT_VERSION = 1;
				DEFINES_MODULE = YES;
				DEVELOPMENT_TEAM = 7X48R5E6LJ;
				DYLIB_COMPATIBILITY_VERSION = 1;
				DYLIB_CURRENT_VERSION = 1;
				DYLIB_INSTALL_NAME_BASE = "@rpath";
				ENABLE_MODULE_VERIFIER = YES;
				GENERATE_INFOPLIST_FILE = YES;
				INFOPLIST_KEY_NSHumanReadableCopyright = "";
				INSTALL_PATH = "$(LOCAL_LIBRARY_DIR)/Frameworks";
				LD_RUNPATH_SEARCH_PATHS = (
					"$(inherited)",
					"@executable_path/Frameworks",
					"@loader_path/Frameworks",
				);
				MARKETING_VERSION = 1.0;
				MODULE_VERIFIER_SUPPORTED_LANGUAGES = "objective-c objective-c++";
				MODULE_VERIFIER_SUPPORTED_LANGUAGE_STANDARDS = "gnu11 gnu++20";
				PRODUCT_BUNDLE_IDENTIFIER = com.napps.Networking;
				PRODUCT_NAME = "$(TARGET_NAME:c99extidentifier)";
				SKIP_INSTALL = YES;
				SWIFT_EMIT_LOC_STRINGS = YES;
				SWIFT_VERSION = 5.0;
				TARGETED_DEVICE_FAMILY = "1,2";
			};
			name = Debug;
		};
		178122512AEC3B8E00428C14 /* Release */ = {
			isa = XCBuildConfiguration;
			baseConfigurationReference = 13FFD9C08DA27DCD6ADC6933 /* Pods-Networking.release.xcconfig */;
			buildSettings = {
				CODE_SIGN_STYLE = Automatic;
				CURRENT_PROJECT_VERSION = 1;
				DEFINES_MODULE = YES;
				DEVELOPMENT_TEAM = 7X48R5E6LJ;
				DYLIB_COMPATIBILITY_VERSION = 1;
				DYLIB_CURRENT_VERSION = 1;
				DYLIB_INSTALL_NAME_BASE = "@rpath";
				ENABLE_MODULE_VERIFIER = YES;
				GENERATE_INFOPLIST_FILE = YES;
				INFOPLIST_KEY_NSHumanReadableCopyright = "";
				INSTALL_PATH = "$(LOCAL_LIBRARY_DIR)/Frameworks";
				LD_RUNPATH_SEARCH_PATHS = (
					"$(inherited)",
					"@executable_path/Frameworks",
					"@loader_path/Frameworks",
				);
				MARKETING_VERSION = 1.0;
				MODULE_VERIFIER_SUPPORTED_LANGUAGES = "objective-c objective-c++";
				MODULE_VERIFIER_SUPPORTED_LANGUAGE_STANDARDS = "gnu11 gnu++20";
				PRODUCT_BUNDLE_IDENTIFIER = com.napps.Networking;
				PRODUCT_NAME = "$(TARGET_NAME:c99extidentifier)";
				SKIP_INSTALL = YES;
				SWIFT_EMIT_LOC_STRINGS = YES;
				SWIFT_VERSION = 5.0;
				TARGETED_DEVICE_FAMILY = "1,2";
			};
			name = Release;
		};
		178122532AEC3B8E00428C14 /* Debug */ = {
			isa = XCBuildConfiguration;
			baseConfigurationReference = AE70F72523117CBED3F594B3 /* Pods-NetworkingTests.debug.xcconfig */;
			buildSettings = {
				ALWAYS_EMBED_SWIFT_STANDARD_LIBRARIES = YES;
				CODE_SIGN_STYLE = Automatic;
				CURRENT_PROJECT_VERSION = 1;
				DEVELOPMENT_TEAM = 7X48R5E6LJ;
				GENERATE_INFOPLIST_FILE = YES;
				MARKETING_VERSION = 1.0;
				PRODUCT_BUNDLE_IDENTIFIER = com.napps.NetworkingTests;
				PRODUCT_NAME = "$(TARGET_NAME)";
				SWIFT_EMIT_LOC_STRINGS = NO;
				SWIFT_VERSION = 5.0;
				TARGETED_DEVICE_FAMILY = "1,2";
			};
			name = Debug;
		};
		178122542AEC3B8E00428C14 /* Release */ = {
			isa = XCBuildConfiguration;
			baseConfigurationReference = 48F76ABD498EF4C75A790710 /* Pods-NetworkingTests.release.xcconfig */;
			buildSettings = {
				ALWAYS_EMBED_SWIFT_STANDARD_LIBRARIES = YES;
				CODE_SIGN_STYLE = Automatic;
				CURRENT_PROJECT_VERSION = 1;
				DEVELOPMENT_TEAM = 7X48R5E6LJ;
				GENERATE_INFOPLIST_FILE = YES;
				MARKETING_VERSION = 1.0;
				PRODUCT_BUNDLE_IDENTIFIER = com.napps.NetworkingTests;
				PRODUCT_NAME = "$(TARGET_NAME)";
				SWIFT_EMIT_LOC_STRINGS = NO;
				SWIFT_VERSION = 5.0;
				TARGETED_DEVICE_FAMILY = "1,2";
			};
			name = Release;
		};
/* End XCBuildConfiguration section */

/* Begin XCConfigurationList section */
		178122352AEC3B8E00428C14 /* Build configuration list for PBXProject "Networking" */ = {
			isa = XCConfigurationList;
			buildConfigurations = (
				1781224D2AEC3B8E00428C14 /* Debug */,
				1781224E2AEC3B8E00428C14 /* Release */,
			);
			defaultConfigurationIsVisible = 0;
			defaultConfigurationName = Release;
		};
		1781224F2AEC3B8E00428C14 /* Build configuration list for PBXNativeTarget "Networking" */ = {
			isa = XCConfigurationList;
			buildConfigurations = (
				178122502AEC3B8E00428C14 /* Debug */,
				178122512AEC3B8E00428C14 /* Release */,
			);
			defaultConfigurationIsVisible = 0;
			defaultConfigurationName = Release;
		};
		178122522AEC3B8E00428C14 /* Build configuration list for PBXNativeTarget "NetworkingTests" */ = {
			isa = XCConfigurationList;
			buildConfigurations = (
				178122532AEC3B8E00428C14 /* Debug */,
				178122542AEC3B8E00428C14 /* Release */,
			);
			defaultConfigurationIsVisible = 0;
			defaultConfigurationName = Release;
		};
/* End XCConfigurationList section */
	};
	rootObject = 178122322AEC3B8E00428C14 /* Project object */;
}
